PODS:
  - Alamofire (4.7.3)
  - SCLAlertView (0.8)
  - TextFieldEffects (1.4.0)

DEPENDENCIES:
  - Alamofire (~> 4.7)
  - SCLAlertView
  - TextFieldEffects

SPEC REPOS:
  https://github.com/cocoapods/specs.git:
    - Alamofire
    - SCLAlertView
    - TextFieldEffects

SPEC CHECKSUMS:
  Alamofire: c7287b6e5d7da964a70935e5db17046b7fde6568
  SCLAlertView: 6a77bb2edfc65e04dbe57725546cb4107a506b85
  TextFieldEffects: 4ee41b5216e674d55fb6ac25107bf1af7629176f

PODFILE CHECKSUM: 676f21627ae3fde340ba1ffe5c7791f14df99cfc

COCOAPODS: 1.5.3
