// !$*UTF8*$!
{
	archiveVersion = 1;
	classes = {
	};
	objectVersion = 50;
	objects = {

/* Begin PBXBuildFile section */
		9802BA8E21237D44001F8426 /* SocialTableViewCell.swift in Sources */ = {isa = PBXBuildFile; fileRef = 9802BA8C21237D44001F8426 /* SocialTableViewCell.swift */; };
		9802BA8F21237D44001F8426 /* SocialTableViewCell.xib in Resources */ = {isa = PBXBuildFile; fileRef = 9802BA8D21237D44001F8426 /* SocialTableViewCell.xib */; };
		98052AFB21245C98009AE5C7 /* DataInputTableViewCell.swift in Sources */ = {isa = PBXBuildFile; fileRef = 98052AF921245C98009AE5C7 /* DataInputTableViewCell.swift */; };
		98052AFC21245C98009AE5C7 /* DataInputTableViewCell.xib in Resources */ = {isa = PBXBuildFile; fileRef = 98052AFA21245C98009AE5C7 /* DataInputTableViewCell.xib */; };
		982FE15A2126F6B100C4E5CD /* Constants.swift in Sources */ = {isa = PBXBuildFile; fileRef = 982FE1592126F6B100C4E5CD /* Constants.swift */; };
		982FE15C2126F85000C4E5CD /* APIConfiguration.swift in Sources */ = {isa = PBXBuildFile; fileRef = 982FE15B2126F85000C4E5CD /* APIConfiguration.swift */; };
		982FE15E2126F92C00C4E5CD /* APIRouter.swift in Sources */ = {isa = PBXBuildFile; fileRef = 982FE15D2126F92C00C4E5CD /* APIRouter.swift */; };
		982FE1602127170C00C4E5CD /* APIClient.swift in Sources */ = {isa = PBXBuildFile; fileRef = 982FE15F2127170C00C4E5CD /* APIClient.swift */; };
		9831DC5221470FA00069AAD3 /* CoreDataStack.swift in Sources */ = {isa = PBXBuildFile; fileRef = 9831DC5121470FA00069AAD3 /* CoreDataStack.swift */; };
		9831DC54214711470069AAD3 /* CoreDataExtentions.swift in Sources */ = {isa = PBXBuildFile; fileRef = 9831DC53214711470069AAD3 /* CoreDataExtentions.swift */; };
		9831DC56214714370069AAD3 /* StorageManager.swift in Sources */ = {isa = PBXBuildFile; fileRef = 9831DC55214714370069AAD3 /* StorageManager.swift */; };
		9855487B2154086C005F5CFD /* CustomPin.swift in Sources */ = {isa = PBXBuildFile; fileRef = 9855487A2154086C005F5CFD /* CustomPin.swift */; };
		98757ADE21485D1F00AE71F0 /* ProfileService.swift in Sources */ = {isa = PBXBuildFile; fileRef = 98757ADD21485D1F00AE71F0 /* ProfileService.swift */; };
		98757AE021485D2A00AE71F0 /* ProfileManager.swift in Sources */ = {isa = PBXBuildFile; fileRef = 98757ADF21485D2A00AE71F0 /* ProfileManager.swift */; };
		9876454F2111D31300C87421 /* Media.xcassets in Resources */ = {isa = PBXBuildFile; fileRef = 9876454E2111D31300C87421 /* Media.xcassets */; };
		989E8843211449F7007D130C /* Models.swift in Sources */ = {isa = PBXBuildFile; fileRef = 989E8842211449F7007D130C /* Models.swift */; };
		989E884621146979007D130C /* LoginViewController.swift in Sources */ = {isa = PBXBuildFile; fileRef = 989E884521146979007D130C /* LoginViewController.swift */; };
		98BBC949215A38D400434D33 /* CustomVolAnnotationView.swift in Sources */ = {isa = PBXBuildFile; fileRef = 98BBC948215A38D400434D33 /* CustomVolAnnotationView.swift */; };
		98BBC94F215A3EFA00434D33 /* CustomCalloutView.swift in Sources */ = {isa = PBXBuildFile; fileRef = 98BBC94E215A3EFA00434D33 /* CustomCalloutView.swift */; };
		98BBC951215A3F0B00434D33 /* CustomCalloutView.xib in Resources */ = {isa = PBXBuildFile; fileRef = 98BBC950215A3F0B00434D33 /* CustomCalloutView.xib */; };
		98C930EC212942B4005DD9D7 /* GeoViewController.swift in Sources */ = {isa = PBXBuildFile; fileRef = 98C930EB212942B4005DD9D7 /* GeoViewController.swift */; };
		98E766A82111A8180081345F /* AppDelegate.swift in Sources */ = {isa = PBXBuildFile; fileRef = 98E766A72111A8180081345F /* AppDelegate.swift */; };
		98E766AA2111A8180081345F /* EnterViewController.swift in Sources */ = {isa = PBXBuildFile; fileRef = 98E766A92111A8180081345F /* EnterViewController.swift */; };
		98E766AD2111A8180081345F /* Main.storyboard in Resources */ = {isa = PBXBuildFile; fileRef = 98E766AB2111A8180081345F /* Main.storyboard */; };
		98E766B02111A8180081345F /* SocialApp.xcdatamodeld in Sources */ = {isa = PBXBuildFile; fileRef = 98E766AE2111A8180081345F /* SocialApp.xcdatamodeld */; };
		98E766B22111A8190081345F /* Assets.xcassets in Resources */ = {isa = PBXBuildFile; fileRef = 98E766B12111A8190081345F /* Assets.xcassets */; };
		98E766B52111A8190081345F /* LaunchScreen.storyboard in Resources */ = {isa = PBXBuildFile; fileRef = 98E766B32111A8190081345F /* LaunchScreen.storyboard */; };
		98F913902132F26E00440A9F /* Profile.swift in Sources */ = {isa = PBXBuildFile; fileRef = 98F9138F2132F26E00440A9F /* Profile.swift */; };
		EB0D2EE8C59796EDDCC55637 /* Pods_SocialApp.framework in Frameworks */ = {isa = PBXBuildFile; fileRef = 07C720A538DA6305F27DB7A9 /* Pods_SocialApp.framework */; };
/* End PBXBuildFile section */

/* Begin PBXFileReference section */
		07C720A538DA6305F27DB7A9 /* Pods_SocialApp.framework */ = {isa = PBXFileReference; explicitFileType = wrapper.framework; includeInIndex = 0; path = Pods_SocialApp.framework; sourceTree = BUILT_PRODUCTS_DIR; };
		25DEBFBD32DAF7B23861FBF8 /* Pods-SocialApp.debug.xcconfig */ = {isa = PBXFileReference; includeInIndex = 1; lastKnownFileType = text.xcconfig; name = "Pods-SocialApp.debug.xcconfig"; path = "Pods/Target Support Files/Pods-SocialApp/Pods-SocialApp.debug.xcconfig"; sourceTree = "<group>"; };
		738C5444111D64D222F7983A /* Pods-SocialApp.release.xcconfig */ = {isa = PBXFileReference; includeInIndex = 1; lastKnownFileType = text.xcconfig; name = "Pods-SocialApp.release.xcconfig"; path = "Pods/Target Support Files/Pods-SocialApp/Pods-SocialApp.release.xcconfig"; sourceTree = "<group>"; };
		9802BA8C21237D44001F8426 /* SocialTableViewCell.swift */ = {isa = PBXFileReference; lastKnownFileType = sourcecode.swift; path = SocialTableViewCell.swift; sourceTree = "<group>"; };
		9802BA8D21237D44001F8426 /* SocialTableViewCell.xib */ = {isa = PBXFileReference; lastKnownFileType = file.xib; path = SocialTableViewCell.xib; sourceTree = "<group>"; };
		98052AF921245C98009AE5C7 /* DataInputTableViewCell.swift */ = {isa = PBXFileReference; lastKnownFileType = sourcecode.swift; path = DataInputTableViewCell.swift; sourceTree = "<group>"; };
		98052AFA21245C98009AE5C7 /* DataInputTableViewCell.xib */ = {isa = PBXFileReference; lastKnownFileType = file.xib; path = DataInputTableViewCell.xib; sourceTree = "<group>"; };
		982FE1592126F6B100C4E5CD /* Constants.swift */ = {isa = PBXFileReference; lastKnownFileType = sourcecode.swift; path = Constants.swift; sourceTree = "<group>"; };
		982FE15B2126F85000C4E5CD /* APIConfiguration.swift */ = {isa = PBXFileReference; lastKnownFileType = sourcecode.swift; path = APIConfiguration.swift; sourceTree = "<group>"; };
		982FE15D2126F92C00C4E5CD /* APIRouter.swift */ = {isa = PBXFileReference; lastKnownFileType = sourcecode.swift; path = APIRouter.swift; sourceTree = "<group>"; };
		982FE15F2127170C00C4E5CD /* APIClient.swift */ = {isa = PBXFileReference; lastKnownFileType = sourcecode.swift; path = APIClient.swift; sourceTree = "<group>"; };
		9831DC5121470FA00069AAD3 /* CoreDataStack.swift */ = {isa = PBXFileReference; lastKnownFileType = sourcecode.swift; path = CoreDataStack.swift; sourceTree = "<group>"; };
		9831DC53214711470069AAD3 /* CoreDataExtentions.swift */ = {isa = PBXFileReference; lastKnownFileType = sourcecode.swift; path = CoreDataExtentions.swift; sourceTree = "<group>"; };
		9831DC55214714370069AAD3 /* StorageManager.swift */ = {isa = PBXFileReference; lastKnownFileType = sourcecode.swift; path = StorageManager.swift; sourceTree = "<group>"; };
		9855487A2154086C005F5CFD /* CustomPin.swift */ = {isa = PBXFileReference; lastKnownFileType = sourcecode.swift; path = CustomPin.swift; sourceTree = "<group>"; };
		98757ADD21485D1F00AE71F0 /* ProfileService.swift */ = {isa = PBXFileReference; lastKnownFileType = sourcecode.swift; path = ProfileService.swift; sourceTree = "<group>"; };
		98757ADF21485D2A00AE71F0 /* ProfileManager.swift */ = {isa = PBXFileReference; lastKnownFileType = sourcecode.swift; path = ProfileManager.swift; sourceTree = "<group>"; };
		9876454E2111D31300C87421 /* Media.xcassets */ = {isa = PBXFileReference; lastKnownFileType = folder.assetcatalog; path = Media.xcassets; sourceTree = "<group>"; };
		989E8842211449F7007D130C /* Models.swift */ = {isa = PBXFileReference; lastKnownFileType = sourcecode.swift; path = Models.swift; sourceTree = "<group>"; };
		989E884521146979007D130C /* LoginViewController.swift */ = {isa = PBXFileReference; lastKnownFileType = sourcecode.swift; path = LoginViewController.swift; sourceTree = "<group>"; };
		98BBC948215A38D400434D33 /* CustomVolAnnotationView.swift */ = {isa = PBXFileReference; lastKnownFileType = sourcecode.swift; path = CustomVolAnnotationView.swift; sourceTree = "<group>"; };
		98BBC94E215A3EFA00434D33 /* CustomCalloutView.swift */ = {isa = PBXFileReference; lastKnownFileType = sourcecode.swift; path = CustomCalloutView.swift; sourceTree = "<group>"; };
		98BBC950215A3F0B00434D33 /* CustomCalloutView.xib */ = {isa = PBXFileReference; lastKnownFileType = file.xib; path = CustomCalloutView.xib; sourceTree = "<group>"; };
		98C930EB212942B4005DD9D7 /* GeoViewController.swift */ = {isa = PBXFileReference; lastKnownFileType = sourcecode.swift; path = GeoViewController.swift; sourceTree = "<group>"; };
		98E766A42111A8180081345F /* SocialApp.app */ = {isa = PBXFileReference; explicitFileType = wrapper.application; includeInIndex = 0; path = SocialApp.app; sourceTree = BUILT_PRODUCTS_DIR; };
		98E766A72111A8180081345F /* AppDelegate.swift */ = {isa = PBXFileReference; lastKnownFileType = sourcecode.swift; path = AppDelegate.swift; sourceTree = "<group>"; };
		98E766A92111A8180081345F /* EnterViewController.swift */ = {isa = PBXFileReference; lastKnownFileType = sourcecode.swift; path = EnterViewController.swift; sourceTree = "<group>"; };
		98E766AC2111A8180081345F /* Base */ = {isa = PBXFileReference; lastKnownFileType = file.storyboard; name = Base; path = Base.lproj/Main.storyboard; sourceTree = "<group>"; };
		98E766AF2111A8180081345F /* SocialApp.xcdatamodel */ = {isa = PBXFileReference; lastKnownFileType = wrapper.xcdatamodel; path = SocialApp.xcdatamodel; sourceTree = "<group>"; };
		98E766B12111A8190081345F /* Assets.xcassets */ = {isa = PBXFileReference; lastKnownFileType = folder.assetcatalog; path = Assets.xcassets; sourceTree = "<group>"; };
		98E766B42111A8190081345F /* Base */ = {isa = PBXFileReference; lastKnownFileType = file.storyboard; name = Base; path = Base.lproj/LaunchScreen.storyboard; sourceTree = "<group>"; };
		98E766B62111A8190081345F /* Info.plist */ = {isa = PBXFileReference; lastKnownFileType = text.plist.xml; path = Info.plist; sourceTree = "<group>"; };
		98F9138F2132F26E00440A9F /* Profile.swift */ = {isa = PBXFileReference; lastKnownFileType = sourcecode.swift; path = Profile.swift; sourceTree = "<group>"; };
/* End PBXFileReference section */

/* Begin PBXFrameworksBuildPhase section */
		98E766A12111A8180081345F /* Frameworks */ = {
			isa = PBXFrameworksBuildPhase;
			buildActionMask = 2147483647;
			files = (
				EB0D2EE8C59796EDDCC55637 /* Pods_SocialApp.framework in Frameworks */,
			);
			runOnlyForDeploymentPostprocessing = 0;
		};
/* End PBXFrameworksBuildPhase section */

/* Begin PBXGroup section */
		0EAEB733385EFD1A31AAAE19 /* Frameworks */ = {
			isa = PBXGroup;
			children = (
				07C720A538DA6305F27DB7A9 /* Pods_SocialApp.framework */,
			);
			name = Frameworks;
			sourceTree = "<group>";
		};
		82960AC44E60DA426F53099D /* Pods */ = {
			isa = PBXGroup;
			children = (
				25DEBFBD32DAF7B23861FBF8 /* Pods-SocialApp.debug.xcconfig */,
				738C5444111D64D222F7983A /* Pods-SocialApp.release.xcconfig */,
			);
			name = Pods;
			sourceTree = "<group>";
		};
		9802BA8B21237ADF001F8426 /* CustomCells */ = {
			isa = PBXGroup;
			children = (
				9802BA8C21237D44001F8426 /* SocialTableViewCell.swift */,
				9802BA8D21237D44001F8426 /* SocialTableViewCell.xib */,
				98052AF921245C98009AE5C7 /* DataInputTableViewCell.swift */,
				98052AFA21245C98009AE5C7 /* DataInputTableViewCell.xib */,
			);
			path = CustomCells;
			sourceTree = "<group>";
		};
		982FE1572126F5FC00C4E5CD /* Presentation Layer */ = {
			isa = PBXGroup;
			children = (
				989E884421146954007D130C /* ViewControllers */,
				9802BA8B21237ADF001F8426 /* CustomCells */,
				9855487921540781005F5CFD /* CustomViews */,
			);
			path = "Presentation Layer";
			sourceTree = "<group>";
		};
		982FE1582126F63C00C4E5CD /* API Network Layer */ = {
			isa = PBXGroup;
			children = (
				982FE15D2126F92C00C4E5CD /* APIRouter.swift */,
				982FE15B2126F85000C4E5CD /* APIConfiguration.swift */,
				982FE1592126F6B100C4E5CD /* Constants.swift */,
				982FE15F2127170C00C4E5CD /* APIClient.swift */,
			);
			path = "API Network Layer";
			sourceTree = "<group>";
		};
		9855487921540781005F5CFD /* CustomViews */ = {
			isa = PBXGroup;
			children = (
				9855487A2154086C005F5CFD /* CustomPin.swift */,
				98BBC948215A38D400434D33 /* CustomVolAnnotationView.swift */,
				98BBC94E215A3EFA00434D33 /* CustomCalloutView.swift */,
				98BBC950215A3F0B00434D33 /* CustomCalloutView.xib */,
			);
			path = CustomViews;
			sourceTree = "<group>";
		};
		98757ADC21485CE600AE71F0 /* Profile Service */ = {
			isa = PBXGroup;
			children = (
				98757ADD21485D1F00AE71F0 /* ProfileService.swift */,
				98757ADF21485D2A00AE71F0 /* ProfileManager.swift */,
			);
			path = "Profile Service";
			sourceTree = "<group>";
		};
		989E8841211449D0007D130C /* Models */ = {
			isa = PBXGroup;
			children = (
				989E8842211449F7007D130C /* Models.swift */,
			);
			path = Models;
			sourceTree = "<group>";
		};
		989E884421146954007D130C /* ViewControllers */ = {
			isa = PBXGroup;
			children = (
				98E766A92111A8180081345F /* EnterViewController.swift */,
				989E884521146979007D130C /* LoginViewController.swift */,
				98C930EB212942B4005DD9D7 /* GeoViewController.swift */,
			);
			path = ViewControllers;
			sourceTree = "<group>";
		};
		98E7669B2111A8170081345F = {
			isa = PBXGroup;
			children = (
				98E766A62111A8180081345F /* SocialApp */,
				98E766A52111A8180081345F /* Products */,
				82960AC44E60DA426F53099D /* Pods */,
				0EAEB733385EFD1A31AAAE19 /* Frameworks */,
			);
			sourceTree = "<group>";
		};
		98E766A52111A8180081345F /* Products */ = {
			isa = PBXGroup;
			children = (
				98E766A42111A8180081345F /* SocialApp.app */,
			);
			name = Products;
			sourceTree = "<group>";
		};
		98E766A62111A8180081345F /* SocialApp */ = {
			isa = PBXGroup;
			children = (
				989E8841211449D0007D130C /* Models */,
				982FE1572126F5FC00C4E5CD /* Presentation Layer */,
				98F9138E2132F05A00440A9F /* Service Layer */,
				98F9138C2132EFF600440A9F /* Core Layer */,
				98E766A72111A8180081345F /* AppDelegate.swift */,
				98E766AB2111A8180081345F /* Main.storyboard */,
				98E766B12111A8190081345F /* Assets.xcassets */,
				9876454E2111D31300C87421 /* Media.xcassets */,
				98E766B32111A8190081345F /* LaunchScreen.storyboard */,
				98E766B62111A8190081345F /* Info.plist */,
			);
			path = SocialApp;
			sourceTree = "<group>";
		};
		98F9138C2132EFF600440A9F /* Core Layer */ = {
			isa = PBXGroup;
			children = (
				98F9138D2132F01F00440A9F /* Profile+CoreData */,
				982FE1582126F63C00C4E5CD /* API Network Layer */,
			);
			path = "Core Layer";
			sourceTree = "<group>";
		};
		98F9138D2132F01F00440A9F /* Profile+CoreData */ = {
			isa = PBXGroup;
			children = (
				98F9138F2132F26E00440A9F /* Profile.swift */,
				9831DC5121470FA00069AAD3 /* CoreDataStack.swift */,
				9831DC53214711470069AAD3 /* CoreDataExtentions.swift */,
				9831DC55214714370069AAD3 /* StorageManager.swift */,
				98E766AE2111A8180081345F /* SocialApp.xcdatamodeld */,
			);
			path = "Profile+CoreData";
			sourceTree = "<group>";
		};
		98F9138E2132F05A00440A9F /* Service Layer */ = {
			isa = PBXGroup;
			children = (
				98757ADC21485CE600AE71F0 /* Profile Service */,
			);
			path = "Service Layer";
			sourceTree = "<group>";
		};
/* End PBXGroup section */

/* Begin PBXNativeTarget section */
		98E766A32111A8180081345F /* SocialApp */ = {
			isa = PBXNativeTarget;
			buildConfigurationList = 98E766B92111A8190081345F /* Build configuration list for PBXNativeTarget "SocialApp" */;
			buildPhases = (
				EF582CDA4FAD0EE9245387D1 /* [CP] Check Pods Manifest.lock */,
				98E766A02111A8180081345F /* Sources */,
				98E766A12111A8180081345F /* Frameworks */,
				98E766A22111A8180081345F /* Resources */,
				8E94B31DB3C4A35075297D84 /* [CP] Embed Pods Frameworks */,
			);
			buildRules = (
			);
			dependencies = (
			);
			name = SocialApp;
			productName = SocialApp;
			productReference = 98E766A42111A8180081345F /* SocialApp.app */;
			productType = "com.apple.product-type.application";
		};
/* End PBXNativeTarget section */

/* Begin PBXProject section */
		98E7669C2111A8170081345F /* Project object */ = {
			isa = PBXProject;
			attributes = {
				LastSwiftUpdateCheck = 0940;
				LastUpgradeCheck = 0940;
				ORGANIZATIONNAME = SergeyKorobin;
				TargetAttributes = {
					98E766A32111A8180081345F = {
						CreatedOnToolsVersion = 9.4.1;
						SystemCapabilities = {
							com.apple.Maps.iOS = {
								enabled = 0;
							};
						};
					};
				};
			};
			buildConfigurationList = 98E7669F2111A8170081345F /* Build configuration list for PBXProject "SocialApp" */;
			compatibilityVersion = "Xcode 9.3";
			developmentRegion = en;
			hasScannedForEncodings = 0;
			knownRegions = (
				en,
				Base,
			);
			mainGroup = 98E7669B2111A8170081345F;
			productRefGroup = 98E766A52111A8180081345F /* Products */;
			projectDirPath = "";
			projectRoot = "";
			targets = (
				98E766A32111A8180081345F /* SocialApp */,
			);
		};
/* End PBXProject section */

/* Begin PBXResourcesBuildPhase section */
		98E766A22111A8180081345F /* Resources */ = {
			isa = PBXResourcesBuildPhase;
			buildActionMask = 2147483647;
			files = (
				98052AFC21245C98009AE5C7 /* DataInputTableViewCell.xib in Resources */,
				98E766B52111A8190081345F /* LaunchScreen.storyboard in Resources */,
				9802BA8F21237D44001F8426 /* SocialTableViewCell.xib in Resources */,
				98E766B22111A8190081345F /* Assets.xcassets in Resources */,
				9876454F2111D31300C87421 /* Media.xcassets in Resources */,
				98BBC951215A3F0B00434D33 /* CustomCalloutView.xib in Resources */,
				98E766AD2111A8180081345F /* Main.storyboard in Resources */,
			);
			runOnlyForDeploymentPostprocessing = 0;
		};
/* End PBXResourcesBuildPhase section */

/* Begin PBXShellScriptBuildPhase section */
		8E94B31DB3C4A35075297D84 /* [CP] Embed Pods Frameworks */ = {
			isa = PBXShellScriptBuildPhase;
			buildActionMask = 2147483647;
			files = (
			);
			inputPaths = (
				"${SRCROOT}/Pods/Target Support Files/Pods-SocialApp/Pods-SocialApp-frameworks.sh",
				"${BUILT_PRODUCTS_DIR}/Alamofire/Alamofire.framework",
				"${BUILT_PRODUCTS_DIR}/SCLAlertView/SCLAlertView.framework",
				"${BUILT_PRODUCTS_DIR}/TextFieldEffects/TextFieldEffects.framework",
			);
			name = "[CP] Embed Pods Frameworks";
			outputPaths = (
				"${TARGET_BUILD_DIR}/${FRAMEWORKS_FOLDER_PATH}/Alamofire.framework",
				"${TARGET_BUILD_DIR}/${FRAMEWORKS_FOLDER_PATH}/SCLAlertView.framework",
				"${TARGET_BUILD_DIR}/${FRAMEWORKS_FOLDER_PATH}/TextFieldEffects.framework",
			);
			runOnlyForDeploymentPostprocessing = 0;
			shellPath = /bin/sh;
			shellScript = "\"${SRCROOT}/Pods/Target Support Files/Pods-SocialApp/Pods-SocialApp-frameworks.sh\"\n";
			showEnvVarsInLog = 0;
		};
		EF582CDA4FAD0EE9245387D1 /* [CP] Check Pods Manifest.lock */ = {
			isa = PBXShellScriptBuildPhase;
			buildActionMask = 2147483647;
			files = (
			);
			inputPaths = (
				"${PODS_PODFILE_DIR_PATH}/Podfile.lock",
				"${PODS_ROOT}/Manifest.lock",
			);
			name = "[CP] Check Pods Manifest.lock";
			outputPaths = (
				"$(DERIVED_FILE_DIR)/Pods-SocialApp-checkManifestLockResult.txt",
			);
			runOnlyForDeploymentPostprocessing = 0;
			shellPath = /bin/sh;
			shellScript = "diff \"${PODS_PODFILE_DIR_PATH}/Podfile.lock\" \"${PODS_ROOT}/Manifest.lock\" > /dev/null\nif [ $? != 0 ] ; then\n    # print error to STDERR\n    echo \"error: The sandbox is not in sync with the Podfile.lock. Run 'pod install' or update your CocoaPods installation.\" >&2\n    exit 1\nfi\n# This output is used by Xcode 'outputs' to avoid re-running this script phase.\necho \"SUCCESS\" > \"${SCRIPT_OUTPUT_FILE_0}\"\n";
			showEnvVarsInLog = 0;
		};
/* End PBXShellScriptBuildPhase section */

/* Begin PBXSourcesBuildPhase section */
		98E766A02111A8180081345F /* Sources */ = {
			isa = PBXSourcesBuildPhase;
			buildActionMask = 2147483647;
			files = (
				98E766B02111A8180081345F /* SocialApp.xcdatamodeld in Sources */,
				982FE15E2126F92C00C4E5CD /* APIRouter.swift in Sources */,
				98E766AA2111A8180081345F /* EnterViewController.swift in Sources */,
				98F913902132F26E00440A9F /* Profile.swift in Sources */,
				98E766A82111A8180081345F /* AppDelegate.swift in Sources */,
				989E884621146979007D130C /* LoginViewController.swift in Sources */,
				982FE1602127170C00C4E5CD /* APIClient.swift in Sources */,
				98757AE021485D2A00AE71F0 /* ProfileManager.swift in Sources */,
				98757ADE21485D1F00AE71F0 /* ProfileService.swift in Sources */,
				98BBC94F215A3EFA00434D33 /* CustomCalloutView.swift in Sources */,
				9831DC5221470FA00069AAD3 /* CoreDataStack.swift in Sources */,
				98BBC949215A38D400434D33 /* CustomVolAnnotationView.swift in Sources */,
				982FE15C2126F85000C4E5CD /* APIConfiguration.swift in Sources */,
				9802BA8E21237D44001F8426 /* SocialTableViewCell.swift in Sources */,
				9855487B2154086C005F5CFD /* CustomPin.swift in Sources */,
				98C930EC212942B4005DD9D7 /* GeoViewController.swift in Sources */,
				98052AFB21245C98009AE5C7 /* DataInputTableViewCell.swift in Sources */,
				9831DC54214711470069AAD3 /* CoreDataExtentions.swift in Sources */,
				989E8843211449F7007D130C /* Models.swift in Sources */,
				982FE15A2126F6B100C4E5CD /* Constants.swift in Sources */,
				9831DC56214714370069AAD3 /* StorageManager.swift in Sources */,
			);
			runOnlyForDeploymentPostprocessing = 0;
		};
/* End PBXSourcesBuildPhase section */

/* Begin PBXVariantGroup section */
		98E766AB2111A8180081345F /* Main.storyboard */ = {
			isa = PBXVariantGroup;
			children = (
				98E766AC2111A8180081345F /* Base */,
			);
			name = Main.storyboard;
			sourceTree = "<group>";
		};
		98E766B32111A8190081345F /* LaunchScreen.storyboard */ = {
			isa = PBXVariantGroup;
			children = (
				98E766B42111A8190081345F /* Base */,
			);
			name = LaunchScreen.storyboard;
			sourceTree = "<group>";
		};
/* End PBXVariantGroup section */

/* Begin XCBuildConfiguration section */
		98E766B72111A8190081345F /* Debug */ = {
			isa = XCBuildConfiguration;
			buildSettings = {
				ALWAYS_SEARCH_USER_PATHS = NO;
				CLANG_ANALYZER_NONNULL = YES;
				CLANG_ANALYZER_NUMBER_OBJECT_CONVERSION = YES_AGGRESSIVE;
				CLANG_CXX_LANGUAGE_STANDARD = "gnu++14";
				CLANG_CXX_LIBRARY = "libc++";
				CLANG_ENABLE_MODULES = YES;
				CLANG_ENABLE_OBJC_ARC = YES;
				CLANG_ENABLE_OBJC_WEAK = YES;
				CLANG_WARN_BLOCK_CAPTURE_AUTORELEASING = YES;
				CLANG_WARN_BOOL_CONVERSION = YES;
				CLANG_WARN_COMMA = YES;
				CLANG_WARN_CONSTANT_CONVERSION = YES;
				CLANG_WARN_DEPRECATED_OBJC_IMPLEMENTATIONS = YES;
				CLANG_WARN_DIRECT_OBJC_ISA_USAGE = YES_ERROR;
				CLANG_WARN_DOCUMENTATION_COMMENTS = YES;
				CLANG_WARN_EMPTY_BODY = YES;
				CLANG_WARN_ENUM_CONVERSION = YES;
				CLANG_WARN_INFINITE_RECURSION = YES;
				CLANG_WARN_INT_CONVERSION = YES;
				CLANG_WARN_NON_LITERAL_NULL_CONVERSION = YES;
				CLANG_WARN_OBJC_IMPLICIT_RETAIN_SELF = YES;
				CLANG_WARN_OBJC_LITERAL_CONVERSION = YES;
				CLANG_WARN_OBJC_ROOT_CLASS = YES_ERROR;
				CLANG_WARN_RANGE_LOOP_ANALYSIS = YES;
				CLANG_WARN_STRICT_PROTOTYPES = YES;
				CLANG_WARN_SUSPICIOUS_MOVE = YES;
				CLANG_WARN_UNGUARDED_AVAILABILITY = YES_AGGRESSIVE;
				CLANG_WARN_UNREACHABLE_CODE = YES;
				CLANG_WARN__DUPLICATE_METHOD_MATCH = YES;
				CODE_SIGN_IDENTITY = "iPhone Developer";
				COPY_PHASE_STRIP = NO;
				DEBUG_INFORMATION_FORMAT = dwarf;
				ENABLE_STRICT_OBJC_MSGSEND = YES;
				ENABLE_TESTABILITY = YES;
				GCC_C_LANGUAGE_STANDARD = gnu11;
				GCC_DYNAMIC_NO_PIC = NO;
				GCC_NO_COMMON_BLOCKS = YES;
				GCC_OPTIMIZATION_LEVEL = 0;
				GCC_PREPROCESSOR_DEFINITIONS = (
					"DEBUG=1",
					"$(inherited)",
				);
				GCC_WARN_64_TO_32_BIT_CONVERSION = YES;
				GCC_WARN_ABOUT_RETURN_TYPE = YES_ERROR;
				GCC_WARN_UNDECLARED_SELECTOR = YES;
				GCC_WARN_UNINITIALIZED_AUTOS = YES_AGGRESSIVE;
				GCC_WARN_UNUSED_FUNCTION = YES;
				GCC_WARN_UNUSED_VARIABLE = YES;
				IPHONEOS_DEPLOYMENT_TARGET = 11.4;
				MTL_ENABLE_DEBUG_INFO = YES;
				ONLY_ACTIVE_ARCH = YES;
				SDKROOT = iphoneos;
				SWIFT_ACTIVE_COMPILATION_CONDITIONS = DEBUG;
				SWIFT_OPTIMIZATION_LEVEL = "-Onone";
			};
			name = Debug;
		};
		98E766B82111A8190081345F /* Release */ = {
			isa = XCBuildConfiguration;
			buildSettings = {
				ALWAYS_SEARCH_USER_PATHS = NO;
				CLANG_ANALYZER_NONNULL = YES;
				CLANG_ANALYZER_NUMBER_OBJECT_CONVERSION = YES_AGGRESSIVE;
				CLANG_CXX_LANGUAGE_STANDARD = "gnu++14";
				CLANG_CXX_LIBRARY = "libc++";
				CLANG_ENABLE_MODULES = YES;
				CLANG_ENABLE_OBJC_ARC = YES;
				CLANG_ENABLE_OBJC_WEAK = YES;
				CLANG_WARN_BLOCK_CAPTURE_AUTORELEASING = YES;
				CLANG_WARN_BOOL_CONVERSION = YES;
				CLANG_WARN_COMMA = YES;
				CLANG_WARN_CONSTANT_CONVERSION = YES;
				CLANG_WARN_DEPRECATED_OBJC_IMPLEMENTATIONS = YES;
				CLANG_WARN_DIRECT_OBJC_ISA_USAGE = YES_ERROR;
				CLANG_WARN_DOCUMENTATION_COMMENTS = YES;
				CLANG_WARN_EMPTY_BODY = YES;
				CLANG_WARN_ENUM_CONVERSION = YES;
				CLANG_WARN_INFINITE_RECURSION = YES;
				CLANG_WARN_INT_CONVERSION = YES;
				CLANG_WARN_NON_LITERAL_NULL_CONVERSION = YES;
				CLANG_WARN_OBJC_IMPLICIT_RETAIN_SELF = YES;
				CLANG_WARN_OBJC_LITERAL_CONVERSION = YES;
				CLANG_WARN_OBJC_ROOT_CLASS = YES_ERROR;
				CLANG_WARN_RANGE_LOOP_ANALYSIS = YES;
				CLANG_WARN_STRICT_PROTOTYPES = YES;
				CLANG_WARN_SUSPICIOUS_MOVE = YES;
				CLANG_WARN_UNGUARDED_AVAILABILITY = YES_AGGRESSIVE;
				CLANG_WARN_UNREACHABLE_CODE = YES;
				CLANG_WARN__DUPLICATE_METHOD_MATCH = YES;
				CODE_SIGN_IDENTITY = "iPhone Developer";
				COPY_PHASE_STRIP = NO;
				DEBUG_INFORMATION_FORMAT = "dwarf-with-dsym";
				ENABLE_NS_ASSERTIONS = NO;
				ENABLE_STRICT_OBJC_MSGSEND = YES;
				GCC_C_LANGUAGE_STANDARD = gnu11;
				GCC_NO_COMMON_BLOCKS = YES;
				GCC_WARN_64_TO_32_BIT_CONVERSION = YES;
				GCC_WARN_ABOUT_RETURN_TYPE = YES_ERROR;
				GCC_WARN_UNDECLARED_SELECTOR = YES;
				GCC_WARN_UNINITIALIZED_AUTOS = YES_AGGRESSIVE;
				GCC_WARN_UNUSED_FUNCTION = YES;
				GCC_WARN_UNUSED_VARIABLE = YES;
				IPHONEOS_DEPLOYMENT_TARGET = 11.4;
				MTL_ENABLE_DEBUG_INFO = NO;
				SDKROOT = iphoneos;
				SWIFT_COMPILATION_MODE = wholemodule;
				SWIFT_OPTIMIZATION_LEVEL = "-O";
				VALIDATE_PRODUCT = YES;
			};
			name = Release;
		};
		98E766BA2111A8190081345F /* Debug */ = {
			isa = XCBuildConfiguration;
			baseConfigurationReference = 25DEBFBD32DAF7B23861FBF8 /* Pods-SocialApp.debug.xcconfig */;
			buildSettings = {
				ASSETCATALOG_COMPILER_APPICON_NAME = AppIconTest;
				CODE_SIGN_STYLE = Automatic;
				DEVELOPMENT_TEAM = F8LU4P8SUH;
				INFOPLIST_FILE = SocialApp/Info.plist;
				LD_RUNPATH_SEARCH_PATHS = (
					"$(inherited)",
					"@executable_path/Frameworks",
				);
				PRODUCT_BUNDLE_IDENTIFIER = com.SergeyKorobin.SocialApp;
				PRODUCT_NAME = "$(TARGET_NAME)";
				SWIFT_VERSION = 4.0;
				TARGETED_DEVICE_FAMILY = 1;
			};
			name = Debug;
		};
		98E766BB2111A8190081345F /* Release */ = {
			isa = XCBuildConfiguration;
			baseConfigurationReference = 738C5444111D64D222F7983A /* Pods-SocialApp.release.xcconfig */;
			buildSettings = {
				ASSETCATALOG_COMPILER_APPICON_NAME = AppIconTest;
				CODE_SIGN_STYLE = Automatic;
				DEVELOPMENT_TEAM = F8LU4P8SUH;
				INFOPLIST_FILE = SocialApp/Info.plist;
				LD_RUNPATH_SEARCH_PATHS = (
					"$(inherited)",
					"@executable_path/Frameworks",
				);
				PRODUCT_BUNDLE_IDENTIFIER = com.SergeyKorobin.SocialApp;
				PRODUCT_NAME = "$(TARGET_NAME)";
				SWIFT_VERSION = 4.0;
				TARGETED_DEVICE_FAMILY = 1;
			};
			name = Release;
		};
/* End XCBuildConfiguration section */

/* Begin XCConfigurationList section */
		98E7669F2111A8170081345F /* Build configuration list for PBXProject "SocialApp" */ = {
			isa = XCConfigurationList;
			buildConfigurations = (
				98E766B72111A8190081345F /* Debug */,
				98E766B82111A8190081345F /* Release */,
			);
			defaultConfigurationIsVisible = 0;
			defaultConfigurationName = Release;
		};
		98E766B92111A8190081345F /* Build configuration list for PBXNativeTarget "SocialApp" */ = {
			isa = XCConfigurationList;
			buildConfigurations = (
				98E766BA2111A8190081345F /* Debug */,
				98E766BB2111A8190081345F /* Release */,
			);
			defaultConfigurationIsVisible = 0;
			defaultConfigurationName = Release;
		};
/* End XCConfigurationList section */

/* Begin XCVersionGroup section */
		98E766AE2111A8180081345F /* SocialApp.xcdatamodeld */ = {
			isa = XCVersionGroup;
			children = (
				98E766AF2111A8180081345F /* SocialApp.xcdatamodel */,
			);
			currentVersion = 98E766AF2111A8180081345F /* SocialApp.xcdatamodel */;
			path = SocialApp.xcdatamodeld;
			sourceTree = "<group>";
			versionGroupType = wrapper.xcdatamodel;
		};
/* End XCVersionGroup section */
	};
	rootObject = 98E7669C2111A8170081345F /* Project object */;
}
